
Microsoft Visual Studio Solution File, Format Version 12.00
# Visual Studio Version 16
VisualStudioVersion = 16.0.30011.22
MinimumVisualStudioVersion = 10.0.40219.1
Project("{FAE04EC0-301F-11D3-BF4B-00C04F79EFBC}") = "recursive-draughts", "recursive-draughts\recursive-draughts.csproj", "{26EE5A18-3914-47C4-8153-97E6D77E6ABF}"
EndProject
Project("{FAE04EC0-301F-11D3-BF4B-00C04F79EFBC}") = "Tests-recursive-draughts", "Tests-recursive-draughts\Tests-recursive-draughts.csproj", "{9A6D090A-5BF8-45D5-9A87-12149EDB5351}"
EndProject
Global
	GlobalSection(SolutionConfigurationPlatforms) = preSolution
		Debug|Any CPU = Debug|Any CPU
		Release|Any CPU = Release|Any CPU
	EndGlobalSection
	GlobalSection(ProjectConfigurationPlatforms) = postSolution
		{26EE5A18-3914-47C4-8153-97E6D77E6ABF}.Debug|Any CPU.ActiveCfg = Debug|Any CPU
		{26EE5A18-3914-47C4-8153-97E6D77E6ABF}.Debug|Any CPU.Build.0 = Debug|Any CPU
		{26EE5A18-3914-47C4-8153-97E6D77E6ABF}.Release|Any CPU.ActiveCfg = Release|Any CPU
		{26EE5A18-3914-47C4-8153-97E6D77E6ABF}.Release|Any CPU.Build.0 = Release|Any CPU
		{9A6D090A-5BF8-45D5-9A87-12149EDB5351}.Debug|Any CPU.ActiveCfg = Debug|Any CPU
		{9A6D090A-5BF8-45D5-9A87-12149EDB5351}.Debug|Any CPU.Build.0 = Debug|Any CPU
		{9A6D090A-5BF8-45D5-9A87-12149EDB5351}.Release|Any CPU.ActiveCfg = Release|Any CPU
		{9A6D090A-5BF8-45D5-9A87-12149EDB5351}.Release|Any CPU.Build.0 = Release|Any CPU
	EndGlobalSection
	GlobalSection(SolutionProperties) = preSolution
		HideSolutionNode = FALSE
	EndGlobalSection
	GlobalSection(ExtensibilityGlobals) = postSolution
		SolutionGuid = {FBE3BD26-D5B7-4CBB-A270-8479A0A8FC13}
	EndGlobalSection
EndGlobal
